
Microsoft Visual Studio Solution File, Format Version 12.00
# Visual Studio 15
VisualStudioVersion = 15.0.27428.2043
MinimumVisualStudioVersion = 10.0.40219.1
Project("{FAE04EC0-301F-11D3-BF4B-00C04F79EFBC}") = "01. Reverse Numbers", "01. Reverse Numbers\01. Reverse Numbers.csproj", "{3C2FFAF3-D41B-46D3-990C-2946AF4B89AB}"
EndProject
Project("{FAE04EC0-301F-11D3-BF4B-00C04F79EFBC}") = "02. Basic Stack Operations", "02. Basic Stack Operations\02. Basic Stack Operations.csproj", "{16B15838-6CB9-4574-A743-20E10C1C0081}"
EndProject
Project("{FAE04EC0-301F-11D3-BF4B-00C04F79EFBC}") = "03. Maximum Element", "03. Maximum Element\03. Maximum Element.csproj", "{15AB3628-4283-4386-9AA2-656F381A4735}"
EndProject
Project("{FAE04EC0-301F-11D3-BF4B-00C04F79EFBC}") = "04. Basic Queue Operations", "04. Basic Queue Operations\04. Basic Queue Operations.csproj", "{AE90A734-714A-43D3-9686-D5AE2761CC24}"
EndProject
Project("{FAE04EC0-301F-11D3-BF4B-00C04F79EFBC}") = "05. Sequence With Queue", "05. Sequence With Queue\05. Sequence With Queue.csproj", "{2DC0F1A6-DC6D-4B67-96D4-4EC0D759C245}"
EndProject
Global
	GlobalSection(SolutionConfigurationPlatforms) = preSolution
		Debug|Any CPU = Debug|Any CPU
		Release|Any CPU = Release|Any CPU
	EndGlobalSection
	GlobalSection(ProjectConfigurationPlatforms) = postSolution
		{3C2FFAF3-D41B-46D3-990C-2946AF4B89AB}.Debug|Any CPU.ActiveCfg = Debug|Any CPU
		{3C2FFAF3-D41B-46D3-990C-2946AF4B89AB}.Debug|Any CPU.Build.0 = Debug|Any CPU
		{3C2FFAF3-D41B-46D3-990C-2946AF4B89AB}.Release|Any CPU.ActiveCfg = Release|Any CPU
		{3C2FFAF3-D41B-46D3-990C-2946AF4B89AB}.Release|Any CPU.Build.0 = Release|Any CPU
		{16B15838-6CB9-4574-A743-20E10C1C0081}.Debug|Any CPU.ActiveCfg = Debug|Any CPU
		{16B15838-6CB9-4574-A743-20E10C1C0081}.Debug|Any CPU.Build.0 = Debug|Any CPU
		{16B15838-6CB9-4574-A743-20E10C1C0081}.Release|Any CPU.ActiveCfg = Release|Any CPU
		{16B15838-6CB9-4574-A743-20E10C1C0081}.Release|Any CPU.Build.0 = Release|Any CPU
		{15AB3628-4283-4386-9AA2-656F381A4735}.Debug|Any CPU.ActiveCfg = Debug|Any CPU
		{15AB3628-4283-4386-9AA2-656F381A4735}.Debug|Any CPU.Build.0 = Debug|Any CPU
		{15AB3628-4283-4386-9AA2-656F381A4735}.Release|Any CPU.ActiveCfg = Release|Any CPU
		{15AB3628-4283-4386-9AA2-656F381A4735}.Release|Any CPU.Build.0 = Release|Any CPU
		{AE90A734-714A-43D3-9686-D5AE2761CC24}.Debug|Any CPU.ActiveCfg = Debug|Any CPU
		{AE90A734-714A-43D3-9686-D5AE2761CC24}.Debug|Any CPU.Build.0 = Debug|Any CPU
		{AE90A734-714A-43D3-9686-D5AE2761CC24}.Release|Any CPU.ActiveCfg = Release|Any CPU
		{AE90A734-714A-43D3-9686-D5AE2761CC24}.Release|Any CPU.Build.0 = Release|Any CPU
		{2DC0F1A6-DC6D-4B67-96D4-4EC0D759C245}.Debug|Any CPU.ActiveCfg = Debug|Any CPU
		{2DC0F1A6-DC6D-4B67-96D4-4EC0D759C245}.Debug|Any CPU.Build.0 = Debug|Any CPU
		{2DC0F1A6-DC6D-4B67-96D4-4EC0D759C245}.Release|Any CPU.ActiveCfg = Release|Any CPU
		{2DC0F1A6-DC6D-4B67-96D4-4EC0D759C245}.Release|Any CPU.Build.0 = Release|Any CPU
	EndGlobalSection
	GlobalSection(SolutionProperties) = preSolution
		HideSolutionNode = FALSE
	EndGlobalSection
	GlobalSection(ExtensibilityGlobals) = postSolution
		SolutionGuid = {6D236FDF-6692-400B-A3A6-8CE204AB7D36}
	EndGlobalSection
EndGlobal
