
Microsoft Visual Studio Solution File, Format Version 12.00
# Visual Studio 15
VisualStudioVersion = 15.0.27428.2043
MinimumVisualStudioVersion = 10.0.40219.1
Project("{FAE04EC0-301F-11D3-BF4B-00C04F79EFBC}") = "01. Matrix of Palindromes", "01. Matrix of Palindromes\01. Matrix of Palindromes.csproj", "{F8199C89-B08D-4B5D-8874-5D16F69FAE7B}"
EndProject
Project("{FAE04EC0-301F-11D3-BF4B-00C04F79EFBC}") = "02. Diagonal Difference", "02. Diagonal Difference\02. Diagonal Difference.csproj", "{F7EED0BF-3731-4441-84E4-F4C9953D98A1}"
EndProject
Project("{FAE04EC0-301F-11D3-BF4B-00C04F79EFBC}") = "03. Squares in Matrix", "03. Squares in Matrix\03. Squares in Matrix.csproj", "{9727F989-D3C3-40E9-9F3D-F302097C10EC}"
EndProject
Project("{FAE04EC0-301F-11D3-BF4B-00C04F79EFBC}") = "04. Maximal Sum", "04. Maximal Sum\04. Maximal Sum.csproj", "{F2A70B78-A586-4D8A-AD6B-2DAED9379951}"
EndProject
Project("{FAE04EC0-301F-11D3-BF4B-00C04F79EFBC}") = "05. Rubiks Matrix", "05. Rubiks Matrix\05. Rubiks Matrix.csproj", "{289252C3-9D02-4CCA-8A5D-FA8B1CFAB7BB}"
EndProject
Project("{FAE04EC0-301F-11D3-BF4B-00C04F79EFBC}") = "06. Target Practice", "06. Target Practice\06. Target Practice.csproj", "{08458AB0-919D-44E9-B69B-0E18F349AC0C}"
EndProject
Project("{FAE04EC0-301F-11D3-BF4B-00C04F79EFBC}") = "07. Lego Blocks", "07. Lego Blocks\07. Lego Blocks.csproj", "{A4D7EE0F-3851-4962-9E24-2E40FF9E910C}"
EndProject
Project("{FAE04EC0-301F-11D3-BF4B-00C04F79EFBC}") = "08. Radioactive Bunnies", "08. Radioactive Bunnies\08. Radioactive Bunnies.csproj", "{42BD0C60-B1C4-43BF-ACEA-0BF6C50488FB}"
EndProject
Global
	GlobalSection(SolutionConfigurationPlatforms) = preSolution
		Debug|Any CPU = Debug|Any CPU
		Release|Any CPU = Release|Any CPU
	EndGlobalSection
	GlobalSection(ProjectConfigurationPlatforms) = postSolution
		{F8199C89-B08D-4B5D-8874-5D16F69FAE7B}.Debug|Any CPU.ActiveCfg = Debug|Any CPU
		{F8199C89-B08D-4B5D-8874-5D16F69FAE7B}.Debug|Any CPU.Build.0 = Debug|Any CPU
		{F8199C89-B08D-4B5D-8874-5D16F69FAE7B}.Release|Any CPU.ActiveCfg = Release|Any CPU
		{F8199C89-B08D-4B5D-8874-5D16F69FAE7B}.Release|Any CPU.Build.0 = Release|Any CPU
		{F7EED0BF-3731-4441-84E4-F4C9953D98A1}.Debug|Any CPU.ActiveCfg = Debug|Any CPU
		{F7EED0BF-3731-4441-84E4-F4C9953D98A1}.Debug|Any CPU.Build.0 = Debug|Any CPU
		{F7EED0BF-3731-4441-84E4-F4C9953D98A1}.Release|Any CPU.ActiveCfg = Release|Any CPU
		{F7EED0BF-3731-4441-84E4-F4C9953D98A1}.Release|Any CPU.Build.0 = Release|Any CPU
		{9727F989-D3C3-40E9-9F3D-F302097C10EC}.Debug|Any CPU.ActiveCfg = Debug|Any CPU
		{9727F989-D3C3-40E9-9F3D-F302097C10EC}.Debug|Any CPU.Build.0 = Debug|Any CPU
		{9727F989-D3C3-40E9-9F3D-F302097C10EC}.Release|Any CPU.ActiveCfg = Release|Any CPU
		{9727F989-D3C3-40E9-9F3D-F302097C10EC}.Release|Any CPU.Build.0 = Release|Any CPU
		{F2A70B78-A586-4D8A-AD6B-2DAED9379951}.Debug|Any CPU.ActiveCfg = Debug|Any CPU
		{F2A70B78-A586-4D8A-AD6B-2DAED9379951}.Debug|Any CPU.Build.0 = Debug|Any CPU
		{F2A70B78-A586-4D8A-AD6B-2DAED9379951}.Release|Any CPU.ActiveCfg = Release|Any CPU
		{F2A70B78-A586-4D8A-AD6B-2DAED9379951}.Release|Any CPU.Build.0 = Release|Any CPU
		{289252C3-9D02-4CCA-8A5D-FA8B1CFAB7BB}.Debug|Any CPU.ActiveCfg = Debug|Any CPU
		{289252C3-9D02-4CCA-8A5D-FA8B1CFAB7BB}.Debug|Any CPU.Build.0 = Debug|Any CPU
		{289252C3-9D02-4CCA-8A5D-FA8B1CFAB7BB}.Release|Any CPU.ActiveCfg = Release|Any CPU
		{289252C3-9D02-4CCA-8A5D-FA8B1CFAB7BB}.Release|Any CPU.Build.0 = Release|Any CPU
		{08458AB0-919D-44E9-B69B-0E18F349AC0C}.Debug|Any CPU.ActiveCfg = Debug|Any CPU
		{08458AB0-919D-44E9-B69B-0E18F349AC0C}.Debug|Any CPU.Build.0 = Debug|Any CPU
		{08458AB0-919D-44E9-B69B-0E18F349AC0C}.Release|Any CPU.ActiveCfg = Release|Any CPU
		{08458AB0-919D-44E9-B69B-0E18F349AC0C}.Release|Any CPU.Build.0 = Release|Any CPU
		{A4D7EE0F-3851-4962-9E24-2E40FF9E910C}.Debug|Any CPU.ActiveCfg = Debug|Any CPU
		{A4D7EE0F-3851-4962-9E24-2E40FF9E910C}.Debug|Any CPU.Build.0 = Debug|Any CPU
		{A4D7EE0F-3851-4962-9E24-2E40FF9E910C}.Release|Any CPU.ActiveCfg = Release|Any CPU
		{A4D7EE0F-3851-4962-9E24-2E40FF9E910C}.Release|Any CPU.Build.0 = Release|Any CPU
		{42BD0C60-B1C4-43BF-ACEA-0BF6C50488FB}.Debug|Any CPU.ActiveCfg = Debug|Any CPU
		{42BD0C60-B1C4-43BF-ACEA-0BF6C50488FB}.Debug|Any CPU.Build.0 = Debug|Any CPU
		{42BD0C60-B1C4-43BF-ACEA-0BF6C50488FB}.Release|Any CPU.ActiveCfg = Release|Any CPU
		{42BD0C60-B1C4-43BF-ACEA-0BF6C50488FB}.Release|Any CPU.Build.0 = Release|Any CPU
	EndGlobalSection
	GlobalSection(SolutionProperties) = preSolution
		HideSolutionNode = FALSE
	EndGlobalSection
	GlobalSection(ExtensibilityGlobals) = postSolution
		SolutionGuid = {A6583A2D-4A7A-40DB-B9D2-FFDCFD2E2AAC}
	EndGlobalSection
EndGlobal
