
Microsoft Visual Studio Solution File, Format Version 12.00
# Visual Studio 15
VisualStudioVersion = 15.0.27428.2043
MinimumVisualStudioVersion = 10.0.40219.1
Project("{FAE04EC0-301F-11D3-BF4B-00C04F79EFBC}") = "01. Action Print", "01. Action Print\01. Action Print.csproj", "{5789387B-3863-40FD-AAC3-87369D7EAF5F}"
EndProject
Project("{FAE04EC0-301F-11D3-BF4B-00C04F79EFBC}") = "02. Knights of Honor", "02. Knights of Honor\02. Knights of Honor.csproj", "{7C4BA5AF-7D58-4270-BC22-3BC479624E1C}"
EndProject
Project("{FAE04EC0-301F-11D3-BF4B-00C04F79EFBC}") = "03. Custom Min Function", "03. Custom Min Function\03. Custom Min Function.csproj", "{EB73952A-5FD6-425C-9583-48F733C8FAEA}"
EndProject
Project("{FAE04EC0-301F-11D3-BF4B-00C04F79EFBC}") = "04. Find Evens or Odds", "04. Find Evens or Odds\04. Find Evens or Odds.csproj", "{EA441F5A-B5AA-473F-BD6D-57FDFA7E23E0}"
EndProject
Project("{FAE04EC0-301F-11D3-BF4B-00C04F79EFBC}") = "05. Applied Arithmetics", "05. Applied Arithmetics\05. Applied Arithmetics.csproj", "{857CFD2B-ACF9-41A2-AB96-0F994DBD8512}"
EndProject
Project("{FAE04EC0-301F-11D3-BF4B-00C04F79EFBC}") = "06. Reverse And Exclude", "06. Reverse And Exclude\06. Reverse And Exclude.csproj", "{B29432B9-D572-49A3-BBDD-94E199378E54}"
EndProject
Project("{FAE04EC0-301F-11D3-BF4B-00C04F79EFBC}") = "07. Predicate For Names", "07. Predicate For Names\07. Predicate For Names.csproj", "{7CB826E6-6733-47DE-A418-3A045417BD1D}"
EndProject
Project("{FAE04EC0-301F-11D3-BF4B-00C04F79EFBC}") = "08. Custom Comparator", "08. Custom Comparator\08. Custom Comparator.csproj", "{C296B6CF-670A-46E2-89AF-2C915A1EB430}"
EndProject
Project("{FAE04EC0-301F-11D3-BF4B-00C04F79EFBC}") = "09. List Of Predicates", "09. List Of Predicates\09. List Of Predicates.csproj", "{C390E786-EDD3-4BBA-A49F-76BD95541C43}"
EndProject
Global
	GlobalSection(SolutionConfigurationPlatforms) = preSolution
		Debug|Any CPU = Debug|Any CPU
		Release|Any CPU = Release|Any CPU
	EndGlobalSection
	GlobalSection(ProjectConfigurationPlatforms) = postSolution
		{5789387B-3863-40FD-AAC3-87369D7EAF5F}.Debug|Any CPU.ActiveCfg = Debug|Any CPU
		{5789387B-3863-40FD-AAC3-87369D7EAF5F}.Debug|Any CPU.Build.0 = Debug|Any CPU
		{5789387B-3863-40FD-AAC3-87369D7EAF5F}.Release|Any CPU.ActiveCfg = Release|Any CPU
		{5789387B-3863-40FD-AAC3-87369D7EAF5F}.Release|Any CPU.Build.0 = Release|Any CPU
		{7C4BA5AF-7D58-4270-BC22-3BC479624E1C}.Debug|Any CPU.ActiveCfg = Debug|Any CPU
		{7C4BA5AF-7D58-4270-BC22-3BC479624E1C}.Debug|Any CPU.Build.0 = Debug|Any CPU
		{7C4BA5AF-7D58-4270-BC22-3BC479624E1C}.Release|Any CPU.ActiveCfg = Release|Any CPU
		{7C4BA5AF-7D58-4270-BC22-3BC479624E1C}.Release|Any CPU.Build.0 = Release|Any CPU
		{EB73952A-5FD6-425C-9583-48F733C8FAEA}.Debug|Any CPU.ActiveCfg = Debug|Any CPU
		{EB73952A-5FD6-425C-9583-48F733C8FAEA}.Debug|Any CPU.Build.0 = Debug|Any CPU
		{EB73952A-5FD6-425C-9583-48F733C8FAEA}.Release|Any CPU.ActiveCfg = Release|Any CPU
		{EB73952A-5FD6-425C-9583-48F733C8FAEA}.Release|Any CPU.Build.0 = Release|Any CPU
		{EA441F5A-B5AA-473F-BD6D-57FDFA7E23E0}.Debug|Any CPU.ActiveCfg = Debug|Any CPU
		{EA441F5A-B5AA-473F-BD6D-57FDFA7E23E0}.Debug|Any CPU.Build.0 = Debug|Any CPU
		{EA441F5A-B5AA-473F-BD6D-57FDFA7E23E0}.Release|Any CPU.ActiveCfg = Release|Any CPU
		{EA441F5A-B5AA-473F-BD6D-57FDFA7E23E0}.Release|Any CPU.Build.0 = Release|Any CPU
		{857CFD2B-ACF9-41A2-AB96-0F994DBD8512}.Debug|Any CPU.ActiveCfg = Debug|Any CPU
		{857CFD2B-ACF9-41A2-AB96-0F994DBD8512}.Debug|Any CPU.Build.0 = Debug|Any CPU
		{857CFD2B-ACF9-41A2-AB96-0F994DBD8512}.Release|Any CPU.ActiveCfg = Release|Any CPU
		{857CFD2B-ACF9-41A2-AB96-0F994DBD8512}.Release|Any CPU.Build.0 = Release|Any CPU
		{B29432B9-D572-49A3-BBDD-94E199378E54}.Debug|Any CPU.ActiveCfg = Debug|Any CPU
		{B29432B9-D572-49A3-BBDD-94E199378E54}.Debug|Any CPU.Build.0 = Debug|Any CPU
		{B29432B9-D572-49A3-BBDD-94E199378E54}.Release|Any CPU.ActiveCfg = Release|Any CPU
		{B29432B9-D572-49A3-BBDD-94E199378E54}.Release|Any CPU.Build.0 = Release|Any CPU
		{7CB826E6-6733-47DE-A418-3A045417BD1D}.Debug|Any CPU.ActiveCfg = Debug|Any CPU
		{7CB826E6-6733-47DE-A418-3A045417BD1D}.Debug|Any CPU.Build.0 = Debug|Any CPU
		{7CB826E6-6733-47DE-A418-3A045417BD1D}.Release|Any CPU.ActiveCfg = Release|Any CPU
		{7CB826E6-6733-47DE-A418-3A045417BD1D}.Release|Any CPU.Build.0 = Release|Any CPU
		{C296B6CF-670A-46E2-89AF-2C915A1EB430}.Debug|Any CPU.ActiveCfg = Debug|Any CPU
		{C296B6CF-670A-46E2-89AF-2C915A1EB430}.Debug|Any CPU.Build.0 = Debug|Any CPU
		{C296B6CF-670A-46E2-89AF-2C915A1EB430}.Release|Any CPU.ActiveCfg = Release|Any CPU
		{C296B6CF-670A-46E2-89AF-2C915A1EB430}.Release|Any CPU.Build.0 = Release|Any CPU
		{C390E786-EDD3-4BBA-A49F-76BD95541C43}.Debug|Any CPU.ActiveCfg = Debug|Any CPU
		{C390E786-EDD3-4BBA-A49F-76BD95541C43}.Debug|Any CPU.Build.0 = Debug|Any CPU
		{C390E786-EDD3-4BBA-A49F-76BD95541C43}.Release|Any CPU.ActiveCfg = Release|Any CPU
		{C390E786-EDD3-4BBA-A49F-76BD95541C43}.Release|Any CPU.Build.0 = Release|Any CPU
	EndGlobalSection
	GlobalSection(SolutionProperties) = preSolution
		HideSolutionNode = FALSE
	EndGlobalSection
	GlobalSection(ExtensibilityGlobals) = postSolution
		SolutionGuid = {9E0EB7D8-17F6-400B-9578-9697772DA998}
	EndGlobalSection
EndGlobal
