
Microsoft Visual Studio Solution File, Format Version 12.00
# Visual Studio 15
VisualStudioVersion = 15.0.27428.2043
MinimumVisualStudioVersion = 10.0.40219.1
Project("{FAE04EC0-301F-11D3-BF4B-00C04F79EFBC}") = "01. Reverse Strings", "01. Reverse Strings\01. Reverse Strings.csproj", "{DDD43266-F1AE-4AF9-925B-83F40ECD7925}"
EndProject
Project("{FAE04EC0-301F-11D3-BF4B-00C04F79EFBC}") = "02. Simple Calculator", "02. Simple Calculator\02. Simple Calculator.csproj", "{379C89F1-78C1-4243-9A0D-FBC8BA7B66EF}"
EndProject
Project("{FAE04EC0-301F-11D3-BF4B-00C04F79EFBC}") = "03. Decimal to Binary Converter", "03. Decimal to Binary Converter\03. Decimal to Binary Converter.csproj", "{C9FAA157-510C-4956-9C75-05FDEDEC9CFF}"
EndProject
Project("{FAE04EC0-301F-11D3-BF4B-00C04F79EFBC}") = "04. Matching Brackets", "04. Matching Brackets\04. Matching Brackets.csproj", "{7F9BFC3E-CFC6-41C0-BFA2-0BE7414F68BD}"
EndProject
Global
	GlobalSection(SolutionConfigurationPlatforms) = preSolution
		Debug|Any CPU = Debug|Any CPU
		Release|Any CPU = Release|Any CPU
	EndGlobalSection
	GlobalSection(ProjectConfigurationPlatforms) = postSolution
		{DDD43266-F1AE-4AF9-925B-83F40ECD7925}.Debug|Any CPU.ActiveCfg = Debug|Any CPU
		{DDD43266-F1AE-4AF9-925B-83F40ECD7925}.Debug|Any CPU.Build.0 = Debug|Any CPU
		{DDD43266-F1AE-4AF9-925B-83F40ECD7925}.Release|Any CPU.ActiveCfg = Release|Any CPU
		{DDD43266-F1AE-4AF9-925B-83F40ECD7925}.Release|Any CPU.Build.0 = Release|Any CPU
		{379C89F1-78C1-4243-9A0D-FBC8BA7B66EF}.Debug|Any CPU.ActiveCfg = Debug|Any CPU
		{379C89F1-78C1-4243-9A0D-FBC8BA7B66EF}.Debug|Any CPU.Build.0 = Debug|Any CPU
		{379C89F1-78C1-4243-9A0D-FBC8BA7B66EF}.Release|Any CPU.ActiveCfg = Release|Any CPU
		{379C89F1-78C1-4243-9A0D-FBC8BA7B66EF}.Release|Any CPU.Build.0 = Release|Any CPU
		{C9FAA157-510C-4956-9C75-05FDEDEC9CFF}.Debug|Any CPU.ActiveCfg = Debug|Any CPU
		{C9FAA157-510C-4956-9C75-05FDEDEC9CFF}.Debug|Any CPU.Build.0 = Debug|Any CPU
		{C9FAA157-510C-4956-9C75-05FDEDEC9CFF}.Release|Any CPU.ActiveCfg = Release|Any CPU
		{C9FAA157-510C-4956-9C75-05FDEDEC9CFF}.Release|Any CPU.Build.0 = Release|Any CPU
		{7F9BFC3E-CFC6-41C0-BFA2-0BE7414F68BD}.Debug|Any CPU.ActiveCfg = Debug|Any CPU
		{7F9BFC3E-CFC6-41C0-BFA2-0BE7414F68BD}.Debug|Any CPU.Build.0 = Debug|Any CPU
		{7F9BFC3E-CFC6-41C0-BFA2-0BE7414F68BD}.Release|Any CPU.ActiveCfg = Release|Any CPU
		{7F9BFC3E-CFC6-41C0-BFA2-0BE7414F68BD}.Release|Any CPU.Build.0 = Release|Any CPU
	EndGlobalSection
	GlobalSection(SolutionProperties) = preSolution
		HideSolutionNode = FALSE
	EndGlobalSection
	GlobalSection(ExtensibilityGlobals) = postSolution
		SolutionGuid = {C1305D72-E405-4F07-9A1A-C66395875809}
	EndGlobalSection
EndGlobal
