
Microsoft Visual Studio Solution File, Format Version 12.00
# Visual Studio 15
VisualStudioVersion = 15.0.27428.2043
MinimumVisualStudioVersion = 10.0.40219.1
Project("{FAE04EC0-301F-11D3-BF4B-00C04F79EFBC}") = "01. Odd Lines", "01. Odd Lines\01. Odd Lines.csproj", "{A4AE9914-F312-46EA-B5DF-FA32D2DB667C}"
EndProject
Project("{FAE04EC0-301F-11D3-BF4B-00C04F79EFBC}") = "02. Line Numbers", "02. Line Numbers\02. Line Numbers.csproj", "{BFE0E4E0-588D-44A6-BB57-07E691404762}"
EndProject
Project("{FAE04EC0-301F-11D3-BF4B-00C04F79EFBC}") = "03. Word Count", "03. Word Count\03. Word Count.csproj", "{05939F45-4AD8-4E74-A1DB-38503BE4A48C}"
EndProject
Project("{FAE04EC0-301F-11D3-BF4B-00C04F79EFBC}") = "04. Copy Binary File", "04. Copy Binary File\04. Copy Binary File.csproj", "{151A1D6D-10B7-4AF2-955A-FBC5F09D40A0}"
EndProject
Project("{FAE04EC0-301F-11D3-BF4B-00C04F79EFBC}") = "05. Slicing File", "05. Slicing File\05. Slicing File.csproj", "{561D4F2E-3FC8-41DD-90C9-5B77C9B282C2}"
EndProject
Project("{FAE04EC0-301F-11D3-BF4B-00C04F79EFBC}") = "06. Zipping Sliced Files", "06. Zipping Sliced Files\06. Zipping Sliced Files.csproj", "{04A8D0CC-D216-4062-9802-74B1CC090BF9}"
EndProject
Global
	GlobalSection(SolutionConfigurationPlatforms) = preSolution
		Debug|Any CPU = Debug|Any CPU
		Release|Any CPU = Release|Any CPU
	EndGlobalSection
	GlobalSection(ProjectConfigurationPlatforms) = postSolution
		{A4AE9914-F312-46EA-B5DF-FA32D2DB667C}.Debug|Any CPU.ActiveCfg = Debug|Any CPU
		{A4AE9914-F312-46EA-B5DF-FA32D2DB667C}.Debug|Any CPU.Build.0 = Debug|Any CPU
		{A4AE9914-F312-46EA-B5DF-FA32D2DB667C}.Release|Any CPU.ActiveCfg = Release|Any CPU
		{A4AE9914-F312-46EA-B5DF-FA32D2DB667C}.Release|Any CPU.Build.0 = Release|Any CPU
		{BFE0E4E0-588D-44A6-BB57-07E691404762}.Debug|Any CPU.ActiveCfg = Debug|Any CPU
		{BFE0E4E0-588D-44A6-BB57-07E691404762}.Debug|Any CPU.Build.0 = Debug|Any CPU
		{BFE0E4E0-588D-44A6-BB57-07E691404762}.Release|Any CPU.ActiveCfg = Release|Any CPU
		{BFE0E4E0-588D-44A6-BB57-07E691404762}.Release|Any CPU.Build.0 = Release|Any CPU
		{05939F45-4AD8-4E74-A1DB-38503BE4A48C}.Debug|Any CPU.ActiveCfg = Debug|Any CPU
		{05939F45-4AD8-4E74-A1DB-38503BE4A48C}.Debug|Any CPU.Build.0 = Debug|Any CPU
		{05939F45-4AD8-4E74-A1DB-38503BE4A48C}.Release|Any CPU.ActiveCfg = Release|Any CPU
		{05939F45-4AD8-4E74-A1DB-38503BE4A48C}.Release|Any CPU.Build.0 = Release|Any CPU
		{151A1D6D-10B7-4AF2-955A-FBC5F09D40A0}.Debug|Any CPU.ActiveCfg = Debug|Any CPU
		{151A1D6D-10B7-4AF2-955A-FBC5F09D40A0}.Debug|Any CPU.Build.0 = Debug|Any CPU
		{151A1D6D-10B7-4AF2-955A-FBC5F09D40A0}.Release|Any CPU.ActiveCfg = Release|Any CPU
		{151A1D6D-10B7-4AF2-955A-FBC5F09D40A0}.Release|Any CPU.Build.0 = Release|Any CPU
		{561D4F2E-3FC8-41DD-90C9-5B77C9B282C2}.Debug|Any CPU.ActiveCfg = Debug|Any CPU
		{561D4F2E-3FC8-41DD-90C9-5B77C9B282C2}.Debug|Any CPU.Build.0 = Debug|Any CPU
		{561D4F2E-3FC8-41DD-90C9-5B77C9B282C2}.Release|Any CPU.ActiveCfg = Release|Any CPU
		{561D4F2E-3FC8-41DD-90C9-5B77C9B282C2}.Release|Any CPU.Build.0 = Release|Any CPU
		{04A8D0CC-D216-4062-9802-74B1CC090BF9}.Debug|Any CPU.ActiveCfg = Debug|Any CPU
		{04A8D0CC-D216-4062-9802-74B1CC090BF9}.Debug|Any CPU.Build.0 = Debug|Any CPU
		{04A8D0CC-D216-4062-9802-74B1CC090BF9}.Release|Any CPU.ActiveCfg = Release|Any CPU
		{04A8D0CC-D216-4062-9802-74B1CC090BF9}.Release|Any CPU.Build.0 = Release|Any CPU
	EndGlobalSection
	GlobalSection(SolutionProperties) = preSolution
		HideSolutionNode = FALSE
	EndGlobalSection
	GlobalSection(ExtensibilityGlobals) = postSolution
		SolutionGuid = {A2C15C0D-3EBB-48C9-A1D3-28BD512F4669}
	EndGlobalSection
EndGlobal
