
Microsoft Visual Studio Solution File, Format Version 12.00
# Visual Studio 15
VisualStudioVersion = 15.0.27428.2043
MinimumVisualStudioVersion = 10.0.40219.1
Project("{FAE04EC0-301F-11D3-BF4B-00C04F79EFBC}") = "01. Sort Even Numbers", "01. Sort Even Numbers\01. Sort Even Numbers.csproj", "{ABD78C5A-C537-4AF9-88B3-FF64085D5220}"
EndProject
Project("{FAE04EC0-301F-11D3-BF4B-00C04F79EFBC}") = "02. Sum Numbers", "02. Sum Numbers\02. Sum Numbers.csproj", "{6EA79A7A-67F8-49C9-BFF5-64C20E6A128D}"
EndProject
Global
	GlobalSection(SolutionConfigurationPlatforms) = preSolution
		Debug|Any CPU = Debug|Any CPU
		Release|Any CPU = Release|Any CPU
	EndGlobalSection
	GlobalSection(ProjectConfigurationPlatforms) = postSolution
		{ABD78C5A-C537-4AF9-88B3-FF64085D5220}.Debug|Any CPU.ActiveCfg = Debug|Any CPU
		{ABD78C5A-C537-4AF9-88B3-FF64085D5220}.Debug|Any CPU.Build.0 = Debug|Any CPU
		{ABD78C5A-C537-4AF9-88B3-FF64085D5220}.Release|Any CPU.ActiveCfg = Release|Any CPU
		{ABD78C5A-C537-4AF9-88B3-FF64085D5220}.Release|Any CPU.Build.0 = Release|Any CPU
		{6EA79A7A-67F8-49C9-BFF5-64C20E6A128D}.Debug|Any CPU.ActiveCfg = Debug|Any CPU
		{6EA79A7A-67F8-49C9-BFF5-64C20E6A128D}.Debug|Any CPU.Build.0 = Debug|Any CPU
		{6EA79A7A-67F8-49C9-BFF5-64C20E6A128D}.Release|Any CPU.ActiveCfg = Release|Any CPU
		{6EA79A7A-67F8-49C9-BFF5-64C20E6A128D}.Release|Any CPU.Build.0 = Release|Any CPU
	EndGlobalSection
	GlobalSection(SolutionProperties) = preSolution
		HideSolutionNode = FALSE
	EndGlobalSection
	GlobalSection(ExtensibilityGlobals) = postSolution
		SolutionGuid = {F1B2A09A-1513-4453-A2F0-5125161F1A68}
	EndGlobalSection
EndGlobal
